
Microsoft Visual Studio Solution File, Format Version 12.00
# Visual Studio 15
VisualStudioVersion = 15.0.27703.2026
MinimumVisualStudioVersion = 10.0.40219.1
Project("{9A19103F-16F7-4668-BE54-9A1E7A4F7556}") = "KafkaConsumer", "KafkaConsumer.csproj", "{CFB29F2B-AF71-404D-955B-5B384BB70105}"
EndProject
Global
	GlobalSection(SolutionConfigurationPlatforms) = preSolution
		Debug|Any CPU = Debug|Any CPU
		Release|Any CPU = Release|Any CPU
	EndGlobalSection
	GlobalSection(ProjectConfigurationPlatforms) = postSolution
		{CFB29F2B-AF71-404D-955B-5B384BB70105}.Debug|Any CPU.ActiveCfg = Debug|Any CPU
		{CFB29F2B-AF71-404D-955B-5B384BB70105}.Debug|Any CPU.Build.0 = Debug|Any CPU
		{CFB29F2B-AF71-404D-955B-5B384BB70105}.Release|Any CPU.ActiveCfg = Release|Any CPU
		{CFB29F2B-AF71-404D-955B-5B384BB70105}.Release|Any CPU.Build.0 = Release|Any CPU
	EndGlobalSection
	GlobalSection(SolutionProperties) = preSolution
		HideSolutionNode = FALSE
	EndGlobalSection
	GlobalSection(ExtensibilityGlobals) = postSolution
		SolutionGuid = {CEC47829-66AD-4560-89EA-80E83C160984}
	EndGlobalSection
EndGlobal
